// !$*UTF8*$!
{
	archiveVersion = 1;
	classes = {
	};
	objectVersion = 46;
	objects = {

/* Begin PBXBuildFile section */
		3132E5CC1EE2EDD700F9CE93 /* BMDefaultUIView.xib in Resources */ = {isa = PBXBuildFile; fileRef = 3132E5CB1EE2EDD700F9CE93 /* BMDefaultUIView.xib */; };
		318D03261ECB4ED300253FD2 /* BMZDYVC.m in Sources */ = {isa = PBXBuildFile; fileRef = 318D03241ECB4ED300253FD2 /* BMZDYVC.m */; };
		318D03271ECB4ED300253FD2 /* BMZDYVC.xib in Resources */ = {isa = PBXBuildFile; fileRef = 318D03251ECB4ED300253FD2 /* BMZDYVC.xib */; };
		318D032B1ECB512800253FD2 /* BMColorSelectVC.m in Sources */ = {isa = PBXBuildFile; fileRef = 318D03291ECB512800253FD2 /* BMColorSelectVC.m */; };
		318D032C1ECB512800253FD2 /* BMColorSelectVC.xib in Resources */ = {isa = PBXBuildFile; fileRef = 318D032A1ECB512800253FD2 /* BMColorSelectVC.xib */; };
		318D032F1ECB53F800253FD2 /* BMZDYScanVC.m in Sources */ = {isa = PBXBuildFile; fileRef = 318D032E1ECB53F800253FD2 /* BMZDYScanVC.m */; };
		31A4833A1EB5090A005042A9 /* BMScanStyle2VC.m in Sources */ = {isa = PBXBuildFile; fileRef = 31A483381EB5090A005042A9 /* BMScanStyle2VC.m */; };
		31A4833B1EB5090A005042A9 /* BMScanStyle2VC.xib in Resources */ = {isa = PBXBuildFile; fileRef = 31A483391EB5090A005042A9 /* BMScanStyle2VC.xib */; };
		31C667B71EB579F400AB50D5 /* UIImage+BMScan.m in Sources */ = {isa = PBXBuildFile; fileRef = 31C667B61EB579F400AB50D5 /* UIImage+BMScan.m */; };
		323F11781ECC3F38002E7029 /* BMScanCodeManagerVC.m in Sources */ = {isa = PBXBuildFile; fileRef = 323F11761ECC3F38002E7029 /* BMScanCodeManagerVC.m */; };
		323F11791ECC3F38002E7029 /* BMScanCodeManagerVC.xib in Resources */ = {isa = PBXBuildFile; fileRef = 323F11771ECC3F38002E7029 /* BMScanCodeManagerVC.xib */; };
		328F2CBA1EE23A0700347A89 /* bm_scan_image_qr_corner_001_@2x.png in Resources */ = {isa = PBXBuildFile; fileRef = 328F2CB21EE23A0700347A89 /* bm_scan_image_qr_corner_001_@2x.png */; };
		328F2CBB1EE23A0700347A89 /* bm_scan_image_qr_corner_002_@2x.png in Resources */ = {isa = PBXBuildFile; fileRef = 328F2CB31EE23A0700347A89 /* bm_scan_image_qr_corner_002_@2x.png */; };
		328F2CBC1EE23A0700347A89 /* bm_scan_image_qr_corner_003_@2x.png in Resources */ = {isa = PBXBuildFile; fileRef = 328F2CB41EE23A0700347A89 /* bm_scan_image_qr_corner_003_@2x.png */; };
		328F2CBD1EE23A0700347A89 /* bm_scan_image_qr_corner_004_@2x.png in Resources */ = {isa = PBXBuildFile; fileRef = 328F2CB51EE23A0700347A89 /* bm_scan_image_qr_corner_004_@2x.png */; };
		328F2CBE1EE23A0700347A89 /* bm_scan_image_qr_scan_line@2x.png in Resources */ = {isa = PBXBuildFile; fileRef = 328F2CB61EE23A0700347A89 /* bm_scan_image_qr_scan_line@2x.png */; };
		328F2CC01EE23A0700347A89 /* qrcode_scan_full_net.png in Resources */ = {isa = PBXBuildFile; fileRef = 328F2CB81EE23A0700347A89 /* qrcode_scan_full_net.png */; };
		328F2CC11EE23A0700347A89 /* qrcode_scan_part_net.png in Resources */ = {isa = PBXBuildFile; fileRef = 328F2CB91EE23A0700347A89 /* qrcode_scan_part_net.png */; };
		32CC41E01EB336F20000E9CC /* Main.storyboard in Resources */ = {isa = PBXBuildFile; fileRef = 32CC41DE1EB336F20000E9CC /* Main.storyboard */; };
		32CC41E21EB336F20000E9CC /* Assets.xcassets in Resources */ = {isa = PBXBuildFile; fileRef = 32CC41E11EB336F20000E9CC /* Assets.xcassets */; };
		32CC41E51EB336F20000E9CC /* LaunchScreen.storyboard in Resources */ = {isa = PBXBuildFile; fileRef = 32CC41E31EB336F20000E9CC /* LaunchScreen.storyboard */; };
		32CC41F01EB336F20000E9CC /* BMScanDemoTests.m in Sources */ = {isa = PBXBuildFile; fileRef = 32CC41EF1EB336F20000E9CC /* BMScanDemoTests.m */; };
		32CC41FB1EB336F20000E9CC /* BMScanDemoUITests.m in Sources */ = {isa = PBXBuildFile; fileRef = 32CC41FA1EB336F20000E9CC /* BMScanDemoUITests.m */; };
		32CC420D1EB338260000E9CC /* AppDelegate.m in Sources */ = {isa = PBXBuildFile; fileRef = 32CC420A1EB338260000E9CC /* AppDelegate.m */; };
		32CC420E1EB338260000E9CC /* main.m in Sources */ = {isa = PBXBuildFile; fileRef = 32CC420B1EB338260000E9CC /* main.m */; };
		32CC42221EB339BB0000E9CC /* BMStyleSelectVC.m in Sources */ = {isa = PBXBuildFile; fileRef = 32CC42201EB339BB0000E9CC /* BMStyleSelectVC.m */; };
		32CC42231EB339BB0000E9CC /* BMStyleSelectVC.xib in Resources */ = {isa = PBXBuildFile; fileRef = 32CC42211EB339BB0000E9CC /* BMStyleSelectVC.xib */; };
		32CC42271EB33A750000E9CC /* BMScanStyle1VC.m in Sources */ = {isa = PBXBuildFile; fileRef = 32CC42251EB33A750000E9CC /* BMScanStyle1VC.m */; };
		32CC42281EB33A750000E9CC /* BMScanStyle1VC.xib in Resources */ = {isa = PBXBuildFile; fileRef = 32CC42261EB33A750000E9CC /* BMScanStyle1VC.xib */; };
		32CC42451EB33E420000E9CC /* BMScanController.m in Sources */ = {isa = PBXBuildFile; fileRef = 32CC423D1EB33E420000E9CC /* BMScanController.m */; };
		32CC42461EB33E420000E9CC /* BMScanDefaultCotroller.m in Sources */ = {isa = PBXBuildFile; fileRef = 32CC423F1EB33E420000E9CC /* BMScanDefaultCotroller.m */; };
		32CC42471EB33E420000E9CC /* BMDefaultUIView.m in Sources */ = {isa = PBXBuildFile; fileRef = 32CC42421EB33E420000E9CC /* BMDefaultUIView.m */; };
		32EA779B1EFA11FA003AB56A /* BMScan.podspec in Resources */ = {isa = PBXBuildFile; fileRef = 32EA779A1EFA11FA003AB56A /* BMScan.podspec */; };
		32EA779E1EFA124D003AB56A /* LICENSE in Resources */ = {isa = PBXBuildFile; fileRef = 32EA779C1EFA124D003AB56A /* LICENSE */; };
		32EA779F1EFA124D003AB56A /* README.md in Sources */ = {isa = PBXBuildFile; fileRef = 32EA779D1EFA124D003AB56A /* README.md */; };
		FD90D701C9F1CD7D777922BE /* libPods-BMScanDemo.a in Frameworks */ = {isa = PBXBuildFile; fileRef = 7468172F5DEADCB16802830E /* libPods-BMScanDemo.a */; };
/* End PBXBuildFile section */

/* Begin PBXContainerItemProxy section */
		32CC41EC1EB336F20000E9CC /* PBXContainerItemProxy */ = {
			isa = PBXContainerItemProxy;
			containerPortal = 32CC41CA1EB336F20000E9CC /* Project object */;
			proxyType = 1;
			remoteGlobalIDString = 32CC41D11EB336F20000E9CC;
			remoteInfo = BMScanDemo;
		};
		32CC41F71EB336F20000E9CC /* PBXContainerItemProxy */ = {
			isa = PBXContainerItemProxy;
			containerPortal = 32CC41CA1EB336F20000E9CC /* Project object */;
			proxyType = 1;
			remoteGlobalIDString = 32CC41D11EB336F20000E9CC;
			remoteInfo = BMScanDemo;
		};
/* End PBXContainerItemProxy section */

/* Begin PBXFileReference section */
		3132E5CB1EE2EDD700F9CE93 /* BMDefaultUIView.xib */ = {isa = PBXFileReference; fileEncoding = 4; lastKnownFileType = file.xib; path = BMDefaultUIView.xib; sourceTree = "<group>"; };
		318D03231ECB4ED300253FD2 /* BMZDYVC.h */ = {isa = PBXFileReference; fileEncoding = 4; lastKnownFileType = sourcecode.c.h; path = BMZDYVC.h; sourceTree = "<group>"; };
		318D03241ECB4ED300253FD2 /* BMZDYVC.m */ = {isa = PBXFileReference; fileEncoding = 4; lastKnownFileType = sourcecode.c.objc; path = BMZDYVC.m; sourceTree = "<group>"; };
		318D03251ECB4ED300253FD2 /* BMZDYVC.xib */ = {isa = PBXFileReference; fileEncoding = 4; lastKnownFileType = file.xib; path = BMZDYVC.xib; sourceTree = "<group>"; };
		318D03281ECB512800253FD2 /* BMColorSelectVC.h */ = {isa = PBXFileReference; fileEncoding = 4; lastKnownFileType = sourcecode.c.h; path = BMColorSelectVC.h; sourceTree = "<group>"; };
		318D03291ECB512800253FD2 /* BMColorSelectVC.m */ = {isa = PBXFileReference; fileEncoding = 4; lastKnownFileType = sourcecode.c.objc; path = BMColorSelectVC.m; sourceTree = "<group>"; };
		318D032A1ECB512800253FD2 /* BMColorSelectVC.xib */ = {isa = PBXFileReference; fileEncoding = 4; lastKnownFileType = file.xib; path = BMColorSelectVC.xib; sourceTree = "<group>"; };
		318D032D1ECB53F800253FD2 /* BMZDYScanVC.h */ = {isa = PBXFileReference; fileEncoding = 4; lastKnownFileType = sourcecode.c.h; path = BMZDYScanVC.h; sourceTree = "<group>"; };
		318D032E1ECB53F800253FD2 /* BMZDYScanVC.m */ = {isa = PBXFileReference; fileEncoding = 4; lastKnownFileType = sourcecode.c.objc; path = BMZDYScanVC.m; sourceTree = "<group>"; };
		31A483371EB5090A005042A9 /* BMScanStyle2VC.h */ = {isa = PBXFileReference; fileEncoding = 4; lastKnownFileType = sourcecode.c.h; lineEnding = 0; path = BMScanStyle2VC.h; sourceTree = "<group>"; xcLanguageSpecificationIdentifier = xcode.lang.objcpp; };
		31A483381EB5090A005042A9 /* BMScanStyle2VC.m */ = {isa = PBXFileReference; fileEncoding = 4; lastKnownFileType = sourcecode.c.objc; lineEnding = 0; path = BMScanStyle2VC.m; sourceTree = "<group>"; xcLanguageSpecificationIdentifier = xcode.lang.objc; };
		31A483391EB5090A005042A9 /* BMScanStyle2VC.xib */ = {isa = PBXFileReference; fileEncoding = 4; lastKnownFileType = file.xib; path = BMScanStyle2VC.xib; sourceTree = "<group>"; };
		31C667B51EB579F400AB50D5 /* UIImage+BMScan.h */ = {isa = PBXFileReference; fileEncoding = 4; lastKnownFileType = sourcecode.c.h; path = "UIImage+BMScan.h"; sourceTree = "<group>"; };
		31C667B61EB579F400AB50D5 /* UIImage+BMScan.m */ = {isa = PBXFileReference; fileEncoding = 4; lastKnownFileType = sourcecode.c.objc; path = "UIImage+BMScan.m"; sourceTree = "<group>"; };
		323F11751ECC3F38002E7029 /* BMScanCodeManagerVC.h */ = {isa = PBXFileReference; fileEncoding = 4; lastKnownFileType = sourcecode.c.h; path = BMScanCodeManagerVC.h; sourceTree = "<group>"; };
		323F11761ECC3F38002E7029 /* BMScanCodeManagerVC.m */ = {isa = PBXFileReference; fileEncoding = 4; lastKnownFileType = sourcecode.c.objc; path = BMScanCodeManagerVC.m; sourceTree = "<group>"; };
		323F11771ECC3F38002E7029 /* BMScanCodeManagerVC.xib */ = {isa = PBXFileReference; fileEncoding = 4; lastKnownFileType = file.xib; path = BMScanCodeManagerVC.xib; sourceTree = "<group>"; };
		328F2CB21EE23A0700347A89 /* bm_scan_image_qr_corner_001_@2x.png */ = {isa = PBXFileReference; lastKnownFileType = image.png; path = "bm_scan_image_qr_corner_001_@2x.png"; sourceTree = "<group>"; };
		328F2CB31EE23A0700347A89 /* bm_scan_image_qr_corner_002_@2x.png */ = {isa = PBXFileReference; lastKnownFileType = image.png; path = "bm_scan_image_qr_corner_002_@2x.png"; sourceTree = "<group>"; };
		328F2CB41EE23A0700347A89 /* bm_scan_image_qr_corner_003_@2x.png */ = {isa = PBXFileReference; lastKnownFileType = image.png; path = "bm_scan_image_qr_corner_003_@2x.png"; sourceTree = "<group>"; };
		328F2CB51EE23A0700347A89 /* bm_scan_image_qr_corner_004_@2x.png */ = {isa = PBXFileReference; lastKnownFileType = image.png; path = "bm_scan_image_qr_corner_004_@2x.png"; sourceTree = "<group>"; };
		328F2CB61EE23A0700347A89 /* bm_scan_image_qr_scan_line@2x.png */ = {isa = PBXFileReference; lastKnownFileType = image.png; path = "bm_scan_image_qr_scan_line@2x.png"; sourceTree = "<group>"; };
		328F2CB81EE23A0700347A89 /* qrcode_scan_full_net.png */ = {isa = PBXFileReference; lastKnownFileType = image.png; path = qrcode_scan_full_net.png; sourceTree = "<group>"; };
		328F2CB91EE23A0700347A89 /* qrcode_scan_part_net.png */ = {isa = PBXFileReference; lastKnownFileType = image.png; path = qrcode_scan_part_net.png; sourceTree = "<group>"; };
		32CC41D21EB336F20000E9CC /* BMScanDemo.app */ = {isa = PBXFileReference; explicitFileType = wrapper.application; includeInIndex = 0; path = BMScanDemo.app; sourceTree = BUILT_PRODUCTS_DIR; };
		32CC41DF1EB336F20000E9CC /* Base */ = {isa = PBXFileReference; lastKnownFileType = file.storyboard; name = Base; path = Base.lproj/Main.storyboard; sourceTree = "<group>"; };
		32CC41E11EB336F20000E9CC /* Assets.xcassets */ = {isa = PBXFileReference; lastKnownFileType = folder.assetcatalog; path = Assets.xcassets; sourceTree = "<group>"; };
		32CC41E41EB336F20000E9CC /* Base */ = {isa = PBXFileReference; lastKnownFileType = file.storyboard; name = Base; path = Base.lproj/LaunchScreen.storyboard; sourceTree = "<group>"; };
		32CC41E61EB336F20000E9CC /* Info.plist */ = {isa = PBXFileReference; lastKnownFileType = text.plist.xml; path = Info.plist; sourceTree = "<group>"; };
		32CC41EB1EB336F20000E9CC /* BMScanDemoTests.xctest */ = {isa = PBXFileReference; explicitFileType = wrapper.cfbundle; includeInIndex = 0; path = BMScanDemoTests.xctest; sourceTree = BUILT_PRODUCTS_DIR; };
		32CC41EF1EB336F20000E9CC /* BMScanDemoTests.m */ = {isa = PBXFileReference; lastKnownFileType = sourcecode.c.objc; lineEnding = 0; path = BMScanDemoTests.m; sourceTree = "<group>"; xcLanguageSpecificationIdentifier = xcode.lang.objc; };
		32CC41F11EB336F20000E9CC /* Info.plist */ = {isa = PBXFileReference; lastKnownFileType = text.plist.xml; path = Info.plist; sourceTree = "<group>"; };
		32CC41F61EB336F20000E9CC /* BMScanDemoUITests.xctest */ = {isa = PBXFileReference; explicitFileType = wrapper.cfbundle; includeInIndex = 0; path = BMScanDemoUITests.xctest; sourceTree = BUILT_PRODUCTS_DIR; };
		32CC41FA1EB336F20000E9CC /* BMScanDemoUITests.m */ = {isa = PBXFileReference; lastKnownFileType = sourcecode.c.objc; lineEnding = 0; path = BMScanDemoUITests.m; sourceTree = "<group>"; xcLanguageSpecificationIdentifier = xcode.lang.objc; };
		32CC41FC1EB336F20000E9CC /* Info.plist */ = {isa = PBXFileReference; lastKnownFileType = text.plist.xml; path = Info.plist; sourceTree = "<group>"; };
		32CC42091EB338260000E9CC /* AppDelegate.h */ = {isa = PBXFileReference; fileEncoding = 4; lastKnownFileType = sourcecode.c.h; lineEnding = 0; path = AppDelegate.h; sourceTree = "<group>"; xcLanguageSpecificationIdentifier = xcode.lang.objcpp; };
		32CC420A1EB338260000E9CC /* AppDelegate.m */ = {isa = PBXFileReference; fileEncoding = 4; lastKnownFileType = sourcecode.c.objc; lineEnding = 0; path = AppDelegate.m; sourceTree = "<group>"; xcLanguageSpecificationIdentifier = xcode.lang.objc; };
		32CC420B1EB338260000E9CC /* main.m */ = {isa = PBXFileReference; fileEncoding = 4; lastKnownFileType = sourcecode.c.objc; path = main.m; sourceTree = "<group>"; };
		32CC421F1EB339BB0000E9CC /* BMStyleSelectVC.h */ = {isa = PBXFileReference; fileEncoding = 4; lastKnownFileType = sourcecode.c.h; path = BMStyleSelectVC.h; sourceTree = "<group>"; };
		32CC42201EB339BB0000E9CC /* BMStyleSelectVC.m */ = {isa = PBXFileReference; fileEncoding = 4; lastKnownFileType = sourcecode.c.objc; path = BMStyleSelectVC.m; sourceTree = "<group>"; };
		32CC42211EB339BB0000E9CC /* BMStyleSelectVC.xib */ = {isa = PBXFileReference; fileEncoding = 4; lastKnownFileType = file.xib; path = BMStyleSelectVC.xib; sourceTree = "<group>"; };
		32CC42241EB33A750000E9CC /* BMScanStyle1VC.h */ = {isa = PBXFileReference; fileEncoding = 4; lastKnownFileType = sourcecode.c.h; lineEnding = 0; path = BMScanStyle1VC.h; sourceTree = "<group>"; xcLanguageSpecificationIdentifier = xcode.lang.objcpp; };
		32CC42251EB33A750000E9CC /* BMScanStyle1VC.m */ = {isa = PBXFileReference; fileEncoding = 4; lastKnownFileType = sourcecode.c.objc; lineEnding = 0; path = BMScanStyle1VC.m; sourceTree = "<group>"; xcLanguageSpecificationIdentifier = xcode.lang.objc; };
		32CC42261EB33A750000E9CC /* BMScanStyle1VC.xib */ = {isa = PBXFileReference; fileEncoding = 4; lastKnownFileType = file.xib; path = BMScanStyle1VC.xib; sourceTree = "<group>"; };
		32CC423C1EB33E420000E9CC /* BMScanController.h */ = {isa = PBXFileReference; fileEncoding = 4; lastKnownFileType = sourcecode.c.h; lineEnding = 0; path = BMScanController.h; sourceTree = "<group>"; xcLanguageSpecificationIdentifier = xcode.lang.objcpp; };
		32CC423D1EB33E420000E9CC /* BMScanController.m */ = {isa = PBXFileReference; fileEncoding = 4; lastKnownFileType = sourcecode.c.objc; lineEnding = 0; path = BMScanController.m; sourceTree = "<group>"; xcLanguageSpecificationIdentifier = xcode.lang.objc; };
		32CC423E1EB33E420000E9CC /* BMScanDefaultCotroller.h */ = {isa = PBXFileReference; fileEncoding = 4; lastKnownFileType = sourcecode.c.h; lineEnding = 0; path = BMScanDefaultCotroller.h; sourceTree = "<group>"; xcLanguageSpecificationIdentifier = xcode.lang.objcpp; };
		32CC423F1EB33E420000E9CC /* BMScanDefaultCotroller.m */ = {isa = PBXFileReference; fileEncoding = 4; lastKnownFileType = sourcecode.c.objc; lineEnding = 0; path = BMScanDefaultCotroller.m; sourceTree = "<group>"; xcLanguageSpecificationIdentifier = xcode.lang.objc; };
		32CC42411EB33E420000E9CC /* BMDefaultUIView.h */ = {isa = PBXFileReference; fileEncoding = 4; lastKnownFileType = sourcecode.c.h; lineEnding = 0; path = BMDefaultUIView.h; sourceTree = "<group>"; xcLanguageSpecificationIdentifier = xcode.lang.objcpp; };
		32CC42421EB33E420000E9CC /* BMDefaultUIView.m */ = {isa = PBXFileReference; fileEncoding = 4; lastKnownFileType = sourcecode.c.objc; lineEnding = 0; path = BMDefaultUIView.m; sourceTree = "<group>"; xcLanguageSpecificationIdentifier = xcode.lang.objc; };
		32EA779A1EFA11FA003AB56A /* BMScan.podspec */ = {isa = PBXFileReference; fileEncoding = 4; lastKnownFileType = text; path = BMScan.podspec; sourceTree = "<group>"; };
		32EA779C1EFA124D003AB56A /* LICENSE */ = {isa = PBXFileReference; fileEncoding = 4; lastKnownFileType = text; path = LICENSE; sourceTree = "<group>"; };
		32EA779D1EFA124D003AB56A /* README.md */ = {isa = PBXFileReference; fileEncoding = 4; lastKnownFileType = net.daringfireball.markdown; path = README.md; sourceTree = "<group>"; };
		486DEB02CB9B917F1724D85A /* Pods-BMScanDemo.debug.xcconfig */ = {isa = PBXFileReference; includeInIndex = 1; lastKnownFileType = text.xcconfig; name = "Pods-BMScanDemo.debug.xcconfig"; path = "Pods/Target Support Files/Pods-BMScanDemo/Pods-BMScanDemo.debug.xcconfig"; sourceTree = "<group>"; };
		49334EBECDAF960383AAC03B /* libPods-BMScanDemoTests.a */ = {isa = PBXFileReference; explicitFileType = archive.ar; includeInIndex = 0; path = "libPods-BMScanDemoTests.a"; sourceTree = BUILT_PRODUCTS_DIR; };
		7468172F5DEADCB16802830E /* libPods-BMScanDemo.a */ = {isa = PBXFileReference; explicitFileType = archive.ar; includeInIndex = 0; path = "libPods-BMScanDemo.a"; sourceTree = BUILT_PRODUCTS_DIR; };
		8822AD64FA8031F79C3AF92D /* libPods-BMScanDemoUITests.a */ = {isa = PBXFileReference; explicitFileType = archive.ar; includeInIndex = 0; path = "libPods-BMScanDemoUITests.a"; sourceTree = BUILT_PRODUCTS_DIR; };
		9B4647ED793A186962B1AD8A /* Pods-BMScanDemo.release.xcconfig */ = {isa = PBXFileReference; includeInIndex = 1; lastKnownFileType = text.xcconfig; name = "Pods-BMScanDemo.release.xcconfig"; path = "Pods/Target Support Files/Pods-BMScanDemo/Pods-BMScanDemo.release.xcconfig"; sourceTree = "<group>"; };
/* End PBXFileReference section */

/* Begin PBXFrameworksBuildPhase section */
		32CC41CF1EB336F20000E9CC /* Frameworks */ = {
			isa = PBXFrameworksBuildPhase;
			buildActionMask = 2147483647;
			files = (
				FD90D701C9F1CD7D777922BE /* libPods-BMScanDemo.a in Frameworks */,
			);
			runOnlyForDeploymentPostprocessing = 0;
		};
		32CC41E81EB336F20000E9CC /* Frameworks */ = {
			isa = PBXFrameworksBuildPhase;
			buildActionMask = 2147483647;
			files = (
			);
			runOnlyForDeploymentPostprocessing = 0;
		};
		32CC41F31EB336F20000E9CC /* Frameworks */ = {
			isa = PBXFrameworksBuildPhase;
			buildActionMask = 2147483647;
			files = (
			);
			runOnlyForDeploymentPostprocessing = 0;
		};
/* End PBXFrameworksBuildPhase section */

/* Begin PBXGroup section */
		01DCC1B64D7C9DD46739DB95 /* Pods */ = {
			isa = PBXGroup;
			children = (
				486DEB02CB9B917F1724D85A /* Pods-BMScanDemo.debug.xcconfig */,
				9B4647ED793A186962B1AD8A /* Pods-BMScanDemo.release.xcconfig */,
			);
			name = Pods;
			sourceTree = "<group>";
		};
		31C667B41EB579D500AB50D5 /* Category */ = {
			isa = PBXGroup;
			children = (
				31C667B51EB579F400AB50D5 /* UIImage+BMScan.h */,
				31C667B61EB579F400AB50D5 /* UIImage+BMScan.m */,
			);
			path = Category;
			sourceTree = "<group>";
		};
		328F2CB11EE23A0700347A89 /* Resources */ = {
			isa = PBXGroup;
			children = (
				328F2CB21EE23A0700347A89 /* bm_scan_image_qr_corner_001_@2x.png */,
				328F2CB31EE23A0700347A89 /* bm_scan_image_qr_corner_002_@2x.png */,
				328F2CB41EE23A0700347A89 /* bm_scan_image_qr_corner_003_@2x.png */,
				328F2CB51EE23A0700347A89 /* bm_scan_image_qr_corner_004_@2x.png */,
				328F2CB61EE23A0700347A89 /* bm_scan_image_qr_scan_line@2x.png */,
				328F2CB81EE23A0700347A89 /* qrcode_scan_full_net.png */,
				328F2CB91EE23A0700347A89 /* qrcode_scan_part_net.png */,
			);
			path = Resources;
			sourceTree = "<group>";
		};
		32CC41C91EB336F20000E9CC = {
			isa = PBXGroup;
			children = (
				32EA779C1EFA124D003AB56A /* LICENSE */,
				32EA779D1EFA124D003AB56A /* README.md */,
				32EA779A1EFA11FA003AB56A /* BMScan.podspec */,
				32CC420F1EB338380000E9CC /* BMScan */,
				32CC41D41EB336F20000E9CC /* BMScanDemo */,
				32CC41EE1EB336F20000E9CC /* BMScanDemoTests */,
				32CC41F91EB336F20000E9CC /* BMScanDemoUITests */,
				32CC41D31EB336F20000E9CC /* Products */,
				01DCC1B64D7C9DD46739DB95 /* Pods */,
				EC0EF827CB7C40A74288E1D4 /* Frameworks */,
			);
			sourceTree = "<group>";
		};
		32CC41D31EB336F20000E9CC /* Products */ = {
			isa = PBXGroup;
			children = (
				32CC41D21EB336F20000E9CC /* BMScanDemo.app */,
				32CC41EB1EB336F20000E9CC /* BMScanDemoTests.xctest */,
				32CC41F61EB336F20000E9CC /* BMScanDemoUITests.xctest */,
			);
			name = Products;
			sourceTree = "<group>";
		};
		32CC41D41EB336F20000E9CC /* BMScanDemo */ = {
			isa = PBXGroup;
			children = (
				32CC42081EB338260000E9CC /* AppDelegate */,
				32CC420C1EB338260000E9CC /* Classs */,
				32CC41DE1EB336F20000E9CC /* Main.storyboard */,
				32CC41E11EB336F20000E9CC /* Assets.xcassets */,
				32CC41E31EB336F20000E9CC /* LaunchScreen.storyboard */,
				32CC41E61EB336F20000E9CC /* Info.plist */,
				32CC41D51EB336F20000E9CC /* Supporting Files */,
			);
			path = BMScanDemo;
			sourceTree = "<group>";
		};
		32CC41D51EB336F20000E9CC /* Supporting Files */ = {
			isa = PBXGroup;
			children = (
			);
			name = "Supporting Files";
			sourceTree = "<group>";
		};
		32CC41EE1EB336F20000E9CC /* BMScanDemoTests */ = {
			isa = PBXGroup;
			children = (
				32CC41EF1EB336F20000E9CC /* BMScanDemoTests.m */,
				32CC41F11EB336F20000E9CC /* Info.plist */,
			);
			path = BMScanDemoTests;
			sourceTree = "<group>";
		};
		32CC41F91EB336F20000E9CC /* BMScanDemoUITests */ = {
			isa = PBXGroup;
			children = (
				32CC41FA1EB336F20000E9CC /* BMScanDemoUITests.m */,
				32CC41FC1EB336F20000E9CC /* Info.plist */,
			);
			path = BMScanDemoUITests;
			sourceTree = "<group>";
		};
		32CC42081EB338260000E9CC /* AppDelegate */ = {
			isa = PBXGroup;
			children = (
				32CC42091EB338260000E9CC /* AppDelegate.h */,
				32CC420A1EB338260000E9CC /* AppDelegate.m */,
				32CC420B1EB338260000E9CC /* main.m */,
			);
			path = AppDelegate;
			sourceTree = "<group>";
		};
		32CC420C1EB338260000E9CC /* Classs */ = {
			isa = PBXGroup;
			children = (
				32CC421D1EB339A30000E9CC /* ScanVC */,
				32CC421E1EB339A30000E9CC /* StyleSelect */,
			);
			path = Classs;
			sourceTree = "<group>";
		};
		32CC420F1EB338380000E9CC /* BMScan */ = {
			isa = PBXGroup;
			children = (
				328F2CB11EE23A0700347A89 /* Resources */,
				31C667B41EB579D500AB50D5 /* Category */,
				32CC423B1EB33E420000E9CC /* Cotroller */,
				32CC42401EB33E420000E9CC /* View */,
			);
			path = BMScan;
			sourceTree = "<group>";
		};
		32CC421D1EB339A30000E9CC /* ScanVC */ = {
			isa = PBXGroup;
			children = (
				32CC42241EB33A750000E9CC /* BMScanStyle1VC.h */,
				32CC42251EB33A750000E9CC /* BMScanStyle1VC.m */,
				32CC42261EB33A750000E9CC /* BMScanStyle1VC.xib */,
				31A483371EB5090A005042A9 /* BMScanStyle2VC.h */,
				31A483381EB5090A005042A9 /* BMScanStyle2VC.m */,
				31A483391EB5090A005042A9 /* BMScanStyle2VC.xib */,
			);
			path = ScanVC;
			sourceTree = "<group>";
		};
		32CC421E1EB339A30000E9CC /* StyleSelect */ = {
			isa = PBXGroup;
			children = (
				32CC421F1EB339BB0000E9CC /* BMStyleSelectVC.h */,
				32CC42201EB339BB0000E9CC /* BMStyleSelectVC.m */,
				32CC42211EB339BB0000E9CC /* BMStyleSelectVC.xib */,
				318D03231ECB4ED300253FD2 /* BMZDYVC.h */,
				318D03241ECB4ED300253FD2 /* BMZDYVC.m */,
				318D03251ECB4ED300253FD2 /* BMZDYVC.xib */,
				318D032D1ECB53F800253FD2 /* BMZDYScanVC.h */,
				318D032E1ECB53F800253FD2 /* BMZDYScanVC.m */,
				318D03281ECB512800253FD2 /* BMColorSelectVC.h */,
				318D03291ECB512800253FD2 /* BMColorSelectVC.m */,
				318D032A1ECB512800253FD2 /* BMColorSelectVC.xib */,
				323F11751ECC3F38002E7029 /* BMScanCodeManagerVC.h */,
				323F11761ECC3F38002E7029 /* BMScanCodeManagerVC.m */,
				323F11771ECC3F38002E7029 /* BMScanCodeManagerVC.xib */,
			);
			path = StyleSelect;
			sourceTree = "<group>";
		};
		32CC423B1EB33E420000E9CC /* Cotroller */ = {
			isa = PBXGroup;
			children = (
				32CC423C1EB33E420000E9CC /* BMScanController.h */,
				32CC423D1EB33E420000E9CC /* BMScanController.m */,
				32CC423E1EB33E420000E9CC /* BMScanDefaultCotroller.h */,
				32CC423F1EB33E420000E9CC /* BMScanDefaultCotroller.m */,
			);
			path = Cotroller;
			sourceTree = "<group>";
		};
		32CC42401EB33E420000E9CC /* View */ = {
			isa = PBXGroup;
			children = (
				3132E5CB1EE2EDD700F9CE93 /* BMDefaultUIView.xib */,
				32CC42411EB33E420000E9CC /* BMDefaultUIView.h */,
				32CC42421EB33E420000E9CC /* BMDefaultUIView.m */,
			);
			path = View;
			sourceTree = "<group>";
		};
		EC0EF827CB7C40A74288E1D4 /* Frameworks */ = {
			isa = PBXGroup;
			children = (
				7468172F5DEADCB16802830E /* libPods-BMScanDemo.a */,
				49334EBECDAF960383AAC03B /* libPods-BMScanDemoTests.a */,
				8822AD64FA8031F79C3AF92D /* libPods-BMScanDemoUITests.a */,
			);
			name = Frameworks;
			sourceTree = "<group>";
		};
/* End PBXGroup section */

/* Begin PBXNativeTarget section */
		32CC41D11EB336F20000E9CC /* BMScanDemo */ = {
			isa = PBXNativeTarget;
			buildConfigurationList = 32CC41FF1EB336F20000E9CC /* Build configuration list for PBXNativeTarget "BMScanDemo" */;
			buildPhases = (
				9CD02B7D8825140B8254EA2B /* [CP] Check Pods Manifest.lock */,
				32CC41CE1EB336F20000E9CC /* Sources */,
				32CC41CF1EB336F20000E9CC /* Frameworks */,
				32CC41D01EB336F20000E9CC /* Resources */,
				CFCF5CD4D004AE7135AD4B04 /* [CP] Embed Pods Frameworks */,
				AA202980F21EC7585A42B063 /* [CP] Copy Pods Resources */,
			);
			buildRules = (
			);
			dependencies = (
			);
			name = BMScanDemo;
			productName = BMScanDemo;
			productReference = 32CC41D21EB336F20000E9CC /* BMScanDemo.app */;
			productType = "com.apple.product-type.application";
		};
		32CC41EA1EB336F20000E9CC /* BMScanDemoTests */ = {
			isa = PBXNativeTarget;
			buildConfigurationList = 32CC42021EB336F20000E9CC /* Build configuration list for PBXNativeTarget "BMScanDemoTests" */;
			buildPhases = (
				32CC41E71EB336F20000E9CC /* Sources */,
				32CC41E81EB336F20000E9CC /* Frameworks */,
				32CC41E91EB336F20000E9CC /* Resources */,
			);
			buildRules = (
			);
			dependencies = (
				32CC41ED1EB336F20000E9CC /* PBXTargetDependency */,
			);
			name = BMScanDemoTests;
			productName = BMScanDemoTests;
			productReference = 32CC41EB1EB336F20000E9CC /* BMScanDemoTests.xctest */;
			productType = "com.apple.product-type.bundle.unit-test";
		};
		32CC41F51EB336F20000E9CC /* BMScanDemoUITests */ = {
			isa = PBXNativeTarget;
			buildConfigurationList = 32CC42051EB336F20000E9CC /* Build configuration list for PBXNativeTarget "BMScanDemoUITests" */;
			buildPhases = (
				32CC41F21EB336F20000E9CC /* Sources */,
				32CC41F31EB336F20000E9CC /* Frameworks */,
				32CC41F41EB336F20000E9CC /* Resources */,
			);
			buildRules = (
			);
			dependencies = (
				32CC41F81EB336F20000E9CC /* PBXTargetDependency */,
			);
			name = BMScanDemoUITests;
			productName = BMScanDemoUITests;
			productReference = 32CC41F61EB336F20000E9CC /* BMScanDemoUITests.xctest */;
			productType = "com.apple.product-type.bundle.ui-testing";
		};
/* End PBXNativeTarget section */

/* Begin PBXProject section */
		32CC41CA1EB336F20000E9CC /* Project object */ = {
			isa = PBXProject;
			attributes = {
				LastUpgradeCheck = 0830;
				ORGANIZATIONNAME = "月亮小屋（中国）有限公司";
				TargetAttributes = {
					32CC41D11EB336F20000E9CC = {
						CreatedOnToolsVersion = 8.3.2;
						DevelopmentTeam = 8RB35RM424;
						ProvisioningStyle = Automatic;
					};
					32CC41EA1EB336F20000E9CC = {
						CreatedOnToolsVersion = 8.3.2;
						DevelopmentTeam = 8RB35RM424;
						ProvisioningStyle = Automatic;
						TestTargetID = 32CC41D11EB336F20000E9CC;
					};
					32CC41F51EB336F20000E9CC = {
						CreatedOnToolsVersion = 8.3.2;
						DevelopmentTeam = 8RB35RM424;
						ProvisioningStyle = Automatic;
						TestTargetID = 32CC41D11EB336F20000E9CC;
					};
				};
			};
			buildConfigurationList = 32CC41CD1EB336F20000E9CC /* Build configuration list for PBXProject "BMScanDemo" */;
			compatibilityVersion = "Xcode 3.2";
			developmentRegion = English;
			hasScannedForEncodings = 0;
			knownRegions = (
				en,
				Base,
			);
			mainGroup = 32CC41C91EB336F20000E9CC;
			productRefGroup = 32CC41D31EB336F20000E9CC /* Products */;
			projectDirPath = "";
			projectRoot = "";
			targets = (
				32CC41D11EB336F20000E9CC /* BMScanDemo */,
				32CC41EA1EB336F20000E9CC /* BMScanDemoTests */,
				32CC41F51EB336F20000E9CC /* BMScanDemoUITests */,
			);
		};
/* End PBXProject section */

/* Begin PBXResourcesBuildPhase section */
		32CC41D01EB336F20000E9CC /* Resources */ = {
			isa = PBXResourcesBuildPhase;
			buildActionMask = 2147483647;
			files = (
				32CC41E51EB336F20000E9CC /* LaunchScreen.storyboard in Resources */,
				328F2CC01EE23A0700347A89 /* qrcode_scan_full_net.png in Resources */,
				32CC41E21EB336F20000E9CC /* Assets.xcassets in Resources */,
				31A4833B1EB5090A005042A9 /* BMScanStyle2VC.xib in Resources */,
				32EA779B1EFA11FA003AB56A /* BMScan.podspec in Resources */,
				328F2CC11EE23A0700347A89 /* qrcode_scan_part_net.png in Resources */,
				318D032C1ECB512800253FD2 /* BMColorSelectVC.xib in Resources */,
				32CC41E01EB336F20000E9CC /* Main.storyboard in Resources */,
				328F2CBA1EE23A0700347A89 /* bm_scan_image_qr_corner_001_@2x.png in Resources */,
				32CC42231EB339BB0000E9CC /* BMStyleSelectVC.xib in Resources */,
				32CC42281EB33A750000E9CC /* BMScanStyle1VC.xib in Resources */,
				32EA779E1EFA124D003AB56A /* LICENSE in Resources */,
				328F2CBE1EE23A0700347A89 /* bm_scan_image_qr_scan_line@2x.png in Resources */,
				318D03271ECB4ED300253FD2 /* BMZDYVC.xib in Resources */,
				323F11791ECC3F38002E7029 /* BMScanCodeManagerVC.xib in Resources */,
				328F2CBC1EE23A0700347A89 /* bm_scan_image_qr_corner_003_@2x.png in Resources */,
				3132E5CC1EE2EDD700F9CE93 /* BMDefaultUIView.xib in Resources */,
				328F2CBB1EE23A0700347A89 /* bm_scan_image_qr_corner_002_@2x.png in Resources */,
				328F2CBD1EE23A0700347A89 /* bm_scan_image_qr_corner_004_@2x.png in Resources */,
			);
			runOnlyForDeploymentPostprocessing = 0;
		};
		32CC41E91EB336F20000E9CC /* Resources */ = {
			isa = PBXResourcesBuildPhase;
			buildActionMask = 2147483647;
			files = (
			);
			runOnlyForDeploymentPostprocessing = 0;
		};
		32CC41F41EB336F20000E9CC /* Resources */ = {
			isa = PBXResourcesBuildPhase;
			buildActionMask = 2147483647;
			files = (
			);
			runOnlyForDeploymentPostprocessing = 0;
		};
/* End PBXResourcesBuildPhase section */

/* Begin PBXShellScriptBuildPhase section */
		9CD02B7D8825140B8254EA2B /* [CP] Check Pods Manifest.lock */ = {
			isa = PBXShellScriptBuildPhase;
			buildActionMask = 2147483647;
			files = (
			);
			inputPaths = (
			);
			name = "[CP] Check Pods Manifest.lock";
			outputPaths = (
			);
			runOnlyForDeploymentPostprocessing = 0;
			shellPath = /bin/sh;
			shellScript = "diff \"${PODS_ROOT}/../Podfile.lock\" \"${PODS_ROOT}/Manifest.lock\" > /dev/null\nif [ $? != 0 ] ; then\n    # print error to STDERR\n    echo \"error: The sandbox is not in sync with the Podfile.lock. Run 'pod install' or update your CocoaPods installation.\" >&2\n    exit 1\nfi\n";
			showEnvVarsInLog = 0;
		};
		AA202980F21EC7585A42B063 /* [CP] Copy Pods Resources */ = {
			isa = PBXShellScriptBuildPhase;
			buildActionMask = 2147483647;
			files = (
			);
			inputPaths = (
			);
			name = "[CP] Copy Pods Resources";
			outputPaths = (
			);
			runOnlyForDeploymentPostprocessing = 0;
			shellPath = /bin/sh;
			shellScript = "\"${SRCROOT}/Pods/Target Support Files/Pods-BMScanDemo/Pods-BMScanDemo-resources.sh\"\n";
			showEnvVarsInLog = 0;
		};
		CFCF5CD4D004AE7135AD4B04 /* [CP] Embed Pods Frameworks */ = {
			isa = PBXShellScriptBuildPhase;
			buildActionMask = 2147483647;
			files = (
			);
			inputPaths = (
			);
			name = "[CP] Embed Pods Frameworks";
			outputPaths = (
			);
			runOnlyForDeploymentPostprocessing = 0;
			shellPath = /bin/sh;
			shellScript = "\"${SRCROOT}/Pods/Target Support Files/Pods-BMScanDemo/Pods-BMScanDemo-frameworks.sh\"\n";
			showEnvVarsInLog = 0;
		};
/* End PBXShellScriptBuildPhase section */

/* Begin PBXSourcesBuildPhase section */
		32CC41CE1EB336F20000E9CC /* Sources */ = {
			isa = PBXSourcesBuildPhase;
			buildActionMask = 2147483647;
			files = (
				32CC42271EB33A750000E9CC /* BMScanStyle1VC.m in Sources */,
				31C667B71EB579F400AB50D5 /* UIImage+BMScan.m in Sources */,
				32CC42471EB33E420000E9CC /* BMDefaultUIView.m in Sources */,
				32CC42451EB33E420000E9CC /* BMScanController.m in Sources */,
				31A4833A1EB5090A005042A9 /* BMScanStyle2VC.m in Sources */,
				323F11781ECC3F38002E7029 /* BMScanCodeManagerVC.m in Sources */,
				32CC420E1EB338260000E9CC /* main.m in Sources */,
				32CC42221EB339BB0000E9CC /* BMStyleSelectVC.m in Sources */,
				318D03261ECB4ED300253FD2 /* BMZDYVC.m in Sources */,
				318D032F1ECB53F800253FD2 /* BMZDYScanVC.m in Sources */,
				32EA779F1EFA124D003AB56A /* README.md in Sources */,
				32CC42461EB33E420000E9CC /* BMScanDefaultCotroller.m in Sources */,
				32CC420D1EB338260000E9CC /* AppDelegate.m in Sources */,
				318D032B1ECB512800253FD2 /* BMColorSelectVC.m in Sources */,
			);
			runOnlyForDeploymentPostprocessing = 0;
		};
		32CC41E71EB336F20000E9CC /* Sources */ = {
			isa = PBXSourcesBuildPhase;
			buildActionMask = 2147483647;
			files = (
				32CC41F01EB336F20000E9CC /* BMScanDemoTests.m in Sources */,
			);
			runOnlyForDeploymentPostprocessing = 0;
		};
		32CC41F21EB336F20000E9CC /* Sources */ = {
			isa = PBXSourcesBuildPhase;
			buildActionMask = 2147483647;
			files = (
				32CC41FB1EB336F20000E9CC /* BMScanDemoUITests.m in Sources */,
			);
			runOnlyForDeploymentPostprocessing = 0;
		};
/* End PBXSourcesBuildPhase section */

/* Begin PBXTargetDependency section */
		32CC41ED1EB336F20000E9CC /* PBXTargetDependency */ = {
			isa = PBXTargetDependency;
			target = 32CC41D11EB336F20000E9CC /* BMScanDemo */;
			targetProxy = 32CC41EC1EB336F20000E9CC /* PBXContainerItemProxy */;
		};
		32CC41F81EB336F20000E9CC /* PBXTargetDependency */ = {
			isa = PBXTargetDependency;
			target = 32CC41D11EB336F20000E9CC /* BMScanDemo */;
			targetProxy = 32CC41F71EB336F20000E9CC /* PBXContainerItemProxy */;
		};
/* End PBXTargetDependency section */

/* Begin PBXVariantGroup section */
		32CC41DE1EB336F20000E9CC /* Main.storyboard */ = {
			isa = PBXVariantGroup;
			children = (
				32CC41DF1EB336F20000E9CC /* Base */,
			);
			name = Main.storyboard;
			sourceTree = "<group>";
		};
		32CC41E31EB336F20000E9CC /* LaunchScreen.storyboard */ = {
			isa = PBXVariantGroup;
			children = (
				32CC41E41EB336F20000E9CC /* Base */,
			);
			name = LaunchScreen.storyboard;
			sourceTree = "<group>";
		};
/* End PBXVariantGroup section */

/* Begin XCBuildConfiguration section */
		32CC41FD1EB336F20000E9CC /* Debug */ = {
			isa = XCBuildConfiguration;
			buildSettings = {
				ALWAYS_SEARCH_USER_PATHS = NO;
				CLANG_ANALYZER_NONNULL = YES;
				CLANG_ANALYZER_NUMBER_OBJECT_CONVERSION = YES_AGGRESSIVE;
				CLANG_CXX_LANGUAGE_STANDARD = "gnu++0x";
				CLANG_CXX_LIBRARY = "libc++";
				CLANG_ENABLE_MODULES = YES;
				CLANG_ENABLE_OBJC_ARC = YES;
				CLANG_WARN_BOOL_CONVERSION = YES;
				CLANG_WARN_CONSTANT_CONVERSION = YES;
				CLANG_WARN_DIRECT_OBJC_ISA_USAGE = YES_ERROR;
				CLANG_WARN_DOCUMENTATION_COMMENTS = YES;
				CLANG_WARN_EMPTY_BODY = YES;
				CLANG_WARN_ENUM_CONVERSION = YES;
				CLANG_WARN_INFINITE_RECURSION = YES;
				CLANG_WARN_INT_CONVERSION = YES;
				CLANG_WARN_OBJC_ROOT_CLASS = YES_ERROR;
				CLANG_WARN_SUSPICIOUS_MOVE = YES;
				CLANG_WARN_UNREACHABLE_CODE = YES;
				CLANG_WARN__DUPLICATE_METHOD_MATCH = YES;
				"CODE_SIGN_IDENTITY[sdk=iphoneos*]" = "iPhone Developer";
				COPY_PHASE_STRIP = NO;
				DEBUG_INFORMATION_FORMAT = dwarf;
				ENABLE_STRICT_OBJC_MSGSEND = YES;
				ENABLE_TESTABILITY = YES;
				GCC_C_LANGUAGE_STANDARD = gnu99;
				GCC_DYNAMIC_NO_PIC = NO;
				GCC_NO_COMMON_BLOCKS = YES;
				GCC_OPTIMIZATION_LEVEL = 0;
				GCC_PREPROCESSOR_DEFINITIONS = (
					"DEBUG=1",
					"$(inherited)",
				);
				GCC_WARN_64_TO_32_BIT_CONVERSION = YES;
				GCC_WARN_ABOUT_RETURN_TYPE = YES_ERROR;
				GCC_WARN_UNDECLARED_SELECTOR = YES;
				GCC_WARN_UNINITIALIZED_AUTOS = YES_AGGRESSIVE;
				GCC_WARN_UNUSED_FUNCTION = YES;
				GCC_WARN_UNUSED_VARIABLE = YES;
				IPHONEOS_DEPLOYMENT_TARGET = 10.3;
				MTL_ENABLE_DEBUG_INFO = YES;
				ONLY_ACTIVE_ARCH = YES;
				SDKROOT = iphoneos;
				TARGETED_DEVICE_FAMILY = "1,2";
			};
			name = Debug;
		};
		32CC41FE1EB336F20000E9CC /* Release */ = {
			isa = XCBuildConfiguration;
			buildSettings = {
				ALWAYS_SEARCH_USER_PATHS = NO;
				CLANG_ANALYZER_NONNULL = YES;
				CLANG_ANALYZER_NUMBER_OBJECT_CONVERSION = YES_AGGRESSIVE;
				CLANG_CXX_LANGUAGE_STANDARD = "gnu++0x";
				CLANG_CXX_LIBRARY = "libc++";
				CLANG_ENABLE_MODULES = YES;
				CLANG_ENABLE_OBJC_ARC = YES;
				CLANG_WARN_BOOL_CONVERSION = YES;
				CLANG_WARN_CONSTANT_CONVERSION = YES;
				CLANG_WARN_DIRECT_OBJC_ISA_USAGE = YES_ERROR;
				CLANG_WARN_DOCUMENTATION_COMMENTS = YES;
				CLANG_WARN_EMPTY_BODY = YES;
				CLANG_WARN_ENUM_CONVERSION = YES;
				CLANG_WARN_INFINITE_RECURSION = YES;
				CLANG_WARN_INT_CONVERSION = YES;
				CLANG_WARN_OBJC_ROOT_CLASS = YES_ERROR;
				CLANG_WARN_SUSPICIOUS_MOVE = YES;
				CLANG_WARN_UNREACHABLE_CODE = YES;
				CLANG_WARN__DUPLICATE_METHOD_MATCH = YES;
				"CODE_SIGN_IDENTITY[sdk=iphoneos*]" = "iPhone Developer";
				COPY_PHASE_STRIP = NO;
				DEBUG_INFORMATION_FORMAT = "dwarf-with-dsym";
				ENABLE_NS_ASSERTIONS = NO;
				ENABLE_STRICT_OBJC_MSGSEND = YES;
				GCC_C_LANGUAGE_STANDARD = gnu99;
				GCC_NO_COMMON_BLOCKS = YES;
				GCC_WARN_64_TO_32_BIT_CONVERSION = YES;
				GCC_WARN_ABOUT_RETURN_TYPE = YES_ERROR;
				GCC_WARN_UNDECLARED_SELECTOR = YES;
				GCC_WARN_UNINITIALIZED_AUTOS = YES_AGGRESSIVE;
				GCC_WARN_UNUSED_FUNCTION = YES;
				GCC_WARN_UNUSED_VARIABLE = YES;
				IPHONEOS_DEPLOYMENT_TARGET = 10.3;
				MTL_ENABLE_DEBUG_INFO = NO;
				SDKROOT = iphoneos;
				TARGETED_DEVICE_FAMILY = "1,2";
				VALIDATE_PRODUCT = YES;
			};
			name = Release;
		};
		32CC42001EB336F20000E9CC /* Debug */ = {
			isa = XCBuildConfiguration;
			baseConfigurationReference = 486DEB02CB9B917F1724D85A /* Pods-BMScanDemo.debug.xcconfig */;
			buildSettings = {
				ASSETCATALOG_COMPILER_APPICON_NAME = AppIcon;
				DEVELOPMENT_TEAM = 8RB35RM424;
				INFOPLIST_FILE = BMScanDemo/Info.plist;
				IPHONEOS_DEPLOYMENT_TARGET = 7.0;
				LD_RUNPATH_SEARCH_PATHS = "$(inherited) @executable_path/Frameworks";
				PRODUCT_BUNDLE_IDENTIFIER = cn.com.bluemoon.BMScanDemo;
				PRODUCT_NAME = "$(TARGET_NAME)";
				TARGETED_DEVICE_FAMILY = "1,2";
			};
			name = Debug;
		};
		32CC42011EB336F20000E9CC /* Release */ = {
			isa = XCBuildConfiguration;
			baseConfigurationReference = 9B4647ED793A186962B1AD8A /* Pods-BMScanDemo.release.xcconfig */;
			buildSettings = {
				ASSETCATALOG_COMPILER_APPICON_NAME = AppIcon;
				DEVELOPMENT_TEAM = 8RB35RM424;
				INFOPLIST_FILE = BMScanDemo/Info.plist;
				IPHONEOS_DEPLOYMENT_TARGET = 7.0;
				LD_RUNPATH_SEARCH_PATHS = "$(inherited) @executable_path/Frameworks";
				PRODUCT_BUNDLE_IDENTIFIER = cn.com.bluemoon.BMScanDemo;
				PRODUCT_NAME = "$(TARGET_NAME)";
				TARGETED_DEVICE_FAMILY = "1,2";
			};
			name = Release;
		};
		32CC42031EB336F20000E9CC /* Debug */ = {
			isa = XCBuildConfiguration;
			buildSettings = {
				BUNDLE_LOADER = "$(TEST_HOST)";
				DEVELOPMENT_TEAM = 8RB35RM424;
				INFOPLIST_FILE = BMScanDemoTests/Info.plist;
				LD_RUNPATH_SEARCH_PATHS = "$(inherited) @executable_path/Frameworks @loader_path/Frameworks";
				PRODUCT_BUNDLE_IDENTIFIER = cn.com.bluemoon.BMScanDemoTests;
				PRODUCT_NAME = "$(TARGET_NAME)";
				TEST_HOST = "$(BUILT_PRODUCTS_DIR)/BMScanDemo.app/BMScanDemo";
			};
			name = Debug;
		};
		32CC42041EB336F20000E9CC /* Release */ = {
			isa = XCBuildConfiguration;
			buildSettings = {
				BUNDLE_LOADER = "$(TEST_HOST)";
				DEVELOPMENT_TEAM = 8RB35RM424;
				INFOPLIST_FILE = BMScanDemoTests/Info.plist;
				LD_RUNPATH_SEARCH_PATHS = "$(inherited) @executable_path/Frameworks @loader_path/Frameworks";
				PRODUCT_BUNDLE_IDENTIFIER = cn.com.bluemoon.BMScanDemoTests;
				PRODUCT_NAME = "$(TARGET_NAME)";
				TEST_HOST = "$(BUILT_PRODUCTS_DIR)/BMScanDemo.app/BMScanDemo";
			};
			name = Release;
		};
		32CC42061EB336F20000E9CC /* Debug */ = {
			isa = XCBuildConfiguration;
			buildSettings = {
				DEVELOPMENT_TEAM = 8RB35RM424;
				INFOPLIST_FILE = BMScanDemoUITests/Info.plist;
				LD_RUNPATH_SEARCH_PATHS = "$(inherited) @executable_path/Frameworks @loader_path/Frameworks";
				PRODUCT_BUNDLE_IDENTIFIER = cn.com.bluemoon.BMScanDemoUITests;
				PRODUCT_NAME = "$(TARGET_NAME)";
				TEST_TARGET_NAME = BMScanDemo;
			};
			name = Debug;
		};
		32CC42071EB336F20000E9CC /* Release */ = {
			isa = XCBuildConfiguration;
			buildSettings = {
				DEVELOPMENT_TEAM = 8RB35RM424;
				INFOPLIST_FILE = BMScanDemoUITests/Info.plist;
				LD_RUNPATH_SEARCH_PATHS = "$(inherited) @executable_path/Frameworks @loader_path/Frameworks";
				PRODUCT_BUNDLE_IDENTIFIER = cn.com.bluemoon.BMScanDemoUITests;
				PRODUCT_NAME = "$(TARGET_NAME)";
				TEST_TARGET_NAME = BMScanDemo;
			};
			name = Release;
		};
/* End XCBuildConfiguration section */

/* Begin XCConfigurationList section */
		32CC41CD1EB336F20000E9CC /* Build configuration list for PBXProject "BMScanDemo" */ = {
			isa = XCConfigurationList;
			buildConfigurations = (
				32CC41FD1EB336F20000E9CC /* Debug */,
				32CC41FE1EB336F20000E9CC /* Release */,
			);
			defaultConfigurationIsVisible = 0;
			defaultConfigurationName = Release;
		};
		32CC41FF1EB336F20000E9CC /* Build configuration list for PBXNativeTarget "BMScanDemo" */ = {
			isa = XCConfigurationList;
			buildConfigurations = (
				32CC42001EB336F20000E9CC /* Debug */,
				32CC42011EB336F20000E9CC /* Release */,
			);
			defaultConfigurationIsVisible = 0;
			defaultConfigurationName = Release;
		};
		32CC42021EB336F20000E9CC /* Build configuration list for PBXNativeTarget "BMScanDemoTests" */ = {
			isa = XCConfigurationList;
			buildConfigurations = (
				32CC42031EB336F20000E9CC /* Debug */,
				32CC42041EB336F20000E9CC /* Release */,
			);
			defaultConfigurationIsVisible = 0;
			defaultConfigurationName = Release;
		};
		32CC42051EB336F20000E9CC /* Build configuration list for PBXNativeTarget "BMScanDemoUITests" */ = {
			isa = XCConfigurationList;
			buildConfigurations = (
				32CC42061EB336F20000E9CC /* Debug */,
				32CC42071EB336F20000E9CC /* Release */,
			);
			defaultConfigurationIsVisible = 0;
			defaultConfigurationName = Release;
		};
/* End XCConfigurationList section */
	};
	rootObject = 32CC41CA1EB336F20000E9CC /* Project object */;
}
